
Microsoft Visual Studio Solution File, Format Version 12.00
# Visual Studio 15
VisualStudioVersion = 15.0.26124.0
MinimumVisualStudioVersion = 15.0.26124.0
Project("{F2A71F9B-5D33-465A-A702-920D77279786}") = "MarsRover", "MarsRover\MarsRover.fsproj", "{BAB437F2-A17C-40A0-919F-F79321CBF1A2}"
EndProject
Project("{F2A71F9B-5D33-465A-A702-920D77279786}") = "MarsRover.Tests", "MarsRover.Tests\MarsRover.Tests.fsproj", "{93798030-9F9F-46AE-A220-78CCD87A8DED}"
EndProject
Global
	GlobalSection(SolutionConfigurationPlatforms) = preSolution
		Debug|Any CPU = Debug|Any CPU
		Debug|x64 = Debug|x64
		Debug|x86 = Debug|x86
		Release|Any CPU = Release|Any CPU
		Release|x64 = Release|x64
		Release|x86 = Release|x86
	EndGlobalSection
	GlobalSection(SolutionProperties) = preSolution
		HideSolutionNode = FALSE
	EndGlobalSection
	GlobalSection(ProjectConfigurationPlatforms) = postSolution
		{BAB437F2-A17C-40A0-919F-F79321CBF1A2}.Debug|Any CPU.ActiveCfg = Debug|Any CPU
		{BAB437F2-A17C-40A0-919F-F79321CBF1A2}.Debug|Any CPU.Build.0 = Debug|Any CPU
		{BAB437F2-A17C-40A0-919F-F79321CBF1A2}.Debug|x64.ActiveCfg = Debug|Any CPU
		{BAB437F2-A17C-40A0-919F-F79321CBF1A2}.Debug|x64.Build.0 = Debug|Any CPU
		{BAB437F2-A17C-40A0-919F-F79321CBF1A2}.Debug|x86.ActiveCfg = Debug|Any CPU
		{BAB437F2-A17C-40A0-919F-F79321CBF1A2}.Debug|x86.Build.0 = Debug|Any CPU
		{BAB437F2-A17C-40A0-919F-F79321CBF1A2}.Release|Any CPU.ActiveCfg = Release|Any CPU
		{BAB437F2-A17C-40A0-919F-F79321CBF1A2}.Release|Any CPU.Build.0 = Release|Any CPU
		{BAB437F2-A17C-40A0-919F-F79321CBF1A2}.Release|x64.ActiveCfg = Release|Any CPU
		{BAB437F2-A17C-40A0-919F-F79321CBF1A2}.Release|x64.Build.0 = Release|Any CPU
		{BAB437F2-A17C-40A0-919F-F79321CBF1A2}.Release|x86.ActiveCfg = Release|Any CPU
		{BAB437F2-A17C-40A0-919F-F79321CBF1A2}.Release|x86.Build.0 = Release|Any CPU
		{93798030-9F9F-46AE-A220-78CCD87A8DED}.Debug|Any CPU.ActiveCfg = Debug|Any CPU
		{93798030-9F9F-46AE-A220-78CCD87A8DED}.Debug|Any CPU.Build.0 = Debug|Any CPU
		{93798030-9F9F-46AE-A220-78CCD87A8DED}.Debug|x64.ActiveCfg = Debug|Any CPU
		{93798030-9F9F-46AE-A220-78CCD87A8DED}.Debug|x64.Build.0 = Debug|Any CPU
		{93798030-9F9F-46AE-A220-78CCD87A8DED}.Debug|x86.ActiveCfg = Debug|Any CPU
		{93798030-9F9F-46AE-A220-78CCD87A8DED}.Debug|x86.Build.0 = Debug|Any CPU
		{93798030-9F9F-46AE-A220-78CCD87A8DED}.Release|Any CPU.ActiveCfg = Release|Any CPU
		{93798030-9F9F-46AE-A220-78CCD87A8DED}.Release|Any CPU.Build.0 = Release|Any CPU
		{93798030-9F9F-46AE-A220-78CCD87A8DED}.Release|x64.ActiveCfg = Release|Any CPU
		{93798030-9F9F-46AE-A220-78CCD87A8DED}.Release|x64.Build.0 = Release|Any CPU
		{93798030-9F9F-46AE-A220-78CCD87A8DED}.Release|x86.ActiveCfg = Release|Any CPU
		{93798030-9F9F-46AE-A220-78CCD87A8DED}.Release|x86.Build.0 = Release|Any CPU
	EndGlobalSection
EndGlobal
